
Microsoft Visual Studio Solution File, Format Version 12.00
# Visual Studio Version 17
VisualStudioVersion = 17.9.34607.119
MinimumVisualStudioVersion = 10.0.40219.1
Project("{FAE04EC0-301F-11D3-BF4B-00C04F79EFBC}") = "WebComic", "WebComic\WebComic.csproj", "{A27D3E6F-9FB5-4336-9238-94E6A7E48E11}"
EndProject
Global
	GlobalSection(SolutionConfigurationPlatforms) = preSolution
		Debug|Any CPU = Debug|Any CPU
		Release|Any CPU = Release|Any CPU
	EndGlobalSection
	GlobalSection(ProjectConfigurationPlatforms) = postSolution
		{A27D3E6F-9FB5-4336-9238-94E6A7E48E11}.Debug|Any CPU.ActiveCfg = Debug|Any CPU
		{A27D3E6F-9FB5-4336-9238-94E6A7E48E11}.Debug|Any CPU.Build.0 = Debug|Any CPU
		{A27D3E6F-9FB5-4336-9238-94E6A7E48E11}.Release|Any CPU.ActiveCfg = Release|Any CPU
		{A27D3E6F-9FB5-4336-9238-94E6A7E48E11}.Release|Any CPU.Build.0 = Release|Any CPU
	EndGlobalSection
	GlobalSection(SolutionProperties) = preSolution
		HideSolutionNode = FALSE
	EndGlobalSection
	GlobalSection(ExtensibilityGlobals) = postSolution
		SolutionGuid = {D56087AE-BA91-4849-A577-6E26B7F60098}
	EndGlobalSection
EndGlobal
